
Microsoft Visual Studio Solution File, Format Version 12.00
# Visual Studio 15
VisualStudioVersion = 15.0.28307.645
MinimumVisualStudioVersion = 10.0.40219.1
Project("{FAE04EC0-301F-11D3-BF4B-00C04F79EFBC}") = "CSIFlex-GeniusMigration", "CSIFlex-GeniusMigration\CSIFlex-GeniusMigration.csproj", "{BECDA2A0-E0D3-428A-9A41-E7FDC9014862}"
EndProject
Global
	GlobalSection(SolutionConfigurationPlatforms) = preSolution
		Debug|Any CPU = Debug|Any CPU
		Release|Any CPU = Release|Any CPU
	EndGlobalSection
	GlobalSection(ProjectConfigurationPlatforms) = postSolution
		{BECDA2A0-E0D3-428A-9A41-E7FDC9014862}.Debug|Any CPU.ActiveCfg = Debug|Any CPU
		{BECDA2A0-E0D3-428A-9A41-E7FDC9014862}.Debug|Any CPU.Build.0 = Debug|Any CPU
		{BECDA2A0-E0D3-428A-9A41-E7FDC9014862}.Release|Any CPU.ActiveCfg = Release|Any CPU
		{BECDA2A0-E0D3-428A-9A41-E7FDC9014862}.Release|Any CPU.Build.0 = Release|Any CPU
	EndGlobalSection
	GlobalSection(SolutionProperties) = preSolution
		HideSolutionNode = FALSE
	EndGlobalSection
	GlobalSection(ExtensibilityGlobals) = postSolution
		SolutionGuid = {A2D51D66-EE63-4CEF-96CA-6010CD514D4D}
	EndGlobalSection
EndGlobal
